lockfileVersion: '9.0'

settings:
  autoInstallPeers: true
  excludeLinksFromLockfile: false

importers:

  .:
    dependencies:
      '@bufbuild/protobuf':
        specifier: ^1.10.0
        version: 1.10.0
      '@connectrpc/connect':
        specifier: ^1.6.1
        version: 1.6.1(@bufbuild/protobuf@1.10.0)
      '@connectrpc/connect-web':
        specifier: ^1.6.1
        version: 1.6.1(@bufbuild/protobuf@1.10.0)(@connectrpc/connect@1.6.1(@bufbuild/protobuf@1.10.0))
    optionalDependencies:
      typescript:
        specifier: 5.7.3
        version: 5.7.3
    devDependencies:
      '@bufbuild/buf':
        specifier: ^1.51.0
        version: 1.51.0
      '@bufbuild/protoc-gen-es':
        specifier: ^1.10.0
        version: 1.10.0(@bufbuild/protobuf@1.10.0)
      '@connectrpc/protoc-gen-connect-es':
        specifier: ^1.5.0
        version: 1.6.1(@bufbuild/protoc-gen-es@1.10.0(@bufbuild/protobuf@1.10.0))(@connectrpc/connect@1.6.1(@bufbuild/protobuf@1.10.0))
      esbuild:
        specifier: ^0.25.2
        version: 0.25.2

packages:

  '@bufbuild/buf-darwin-arm64@1.51.0':
    resolution: {integrity: sha512-VIXNyIuCY9JxEcJ+oZimY8qiyjCglB6qmUf5yLLxKVhq8wGGA+rFn7iqXz7ig1sNV0KAEhHFAyfGtncjcJULRA==}
    engines: {node: '>=12'}
    cpu: [arm64]
    os: [darwin]

  '@bufbuild/buf-darwin-x64@1.51.0':
    resolution: {integrity: sha512-0d3j+Lpf4PFFS7RGkvMIJdeJ+HeSPgu0EPcMfbmOrNEM2c2/NSWqLPxYv6iMlL4Fl2wp4U3mSMls5IeXFf56lw==}
    engines: {node: '>=12'}
    cpu: [x64]
    os: [darwin]

  '@bufbuild/buf-linux-aarch64@1.51.0':
    resolution: {integrity: sha512-eFTvxI6B1snQii9vdb66DnP5Wylvy+vE6lq/DMnI2qCOQoZ1OsVZ9hm91b4r5Rcg2gEEJIXe3ExCJtRnYChCTA==}
    engines: {node: '>=12'}
    cpu: [arm64]
    os: [linux]

  '@bufbuild/buf-linux-armv7@1.51.0':
    resolution: {integrity: sha512-mnWmMW1V3GId9BSUbgRKPn5UZTrtVP2hXhuvPMKGRvIt5CqgQUXNJbwUQMa9j1zMQLEIViVa6yGSeewGjNahIw==}
    engines: {node: '>=12'}
    cpu: [arm]
    os: [linux]

  '@bufbuild/buf-linux-x64@1.51.0':
    resolution: {integrity: sha512-CiiFFPgQs3nDlAqr0CnbYBw2uKodBPJCaIrK/EPFqkJdWD58zcGbbtZp5uk3+uHHZ/syBxI8zl/iQSoeypt9cQ==}
    engines: {node: '>=12'}
    cpu: [x64]
    os: [linux]

  '@bufbuild/buf-win32-arm64@1.51.0':
    resolution: {integrity: sha512-9J9WckymQRw+iJ9cg8JquYwlSLYDfilx8vmzsoq0LQdt9yjR6WAq0cHjKuZERSZ2q+beMdi8N9Z0vvfkL1GzGA==}
    engines: {node: '>=12'}
    cpu: [arm64]
    os: [win32]

  '@bufbuild/buf-win32-x64@1.51.0':
    resolution: {integrity: sha512-adskoC+2pr2GzuQNeFv8qe6uj+fndqIubN7smXwCvL8SFBEk8Eic8VSeqfser6cQG64SfTKQPuRW3iqikngWHQ==}
    engines: {node: '>=12'}
    cpu: [x64]
    os: [win32]

  '@bufbuild/buf@1.51.0':
    resolution: {integrity: sha512-DjN9wA1g9q1lYzuDLiC1v9db35mzpHEdG8iM7D36RjWdIByhIgmh/O5hoYSfFL7kMD95p3vGTPz/ZKsClf15VA==}
    engines: {node: '>=12'}
    hasBin: true

  '@bufbuild/protobuf@1.10.0':
    resolution: {integrity: sha512-QDdVFLoN93Zjg36NoQPZfsVH9tZew7wKDKyV5qRdj8ntT4wQCOradQjRaTdwMhWUYsgKsvCINKKm87FdEk96Ag==}

  '@bufbuild/protoc-gen-es@1.10.0':
    resolution: {integrity: sha512-zBYBsVT/ul4uZb6F+kD7/k4sWNHVVbEPfJwKi0FDr+9VJo8MKIofI6pkr5ksBLr4fi/74r+e/75Xi/0clL5dXg==}
    engines: {node: '>=14'}
    hasBin: true
    peerDependencies:
      '@bufbuild/protobuf': 1.10.0
    peerDependenciesMeta:
      '@bufbuild/protobuf':
        optional: true

  '@bufbuild/protoplugin@1.10.0':
    resolution: {integrity: sha512-u6NE4vL0lw1+EK4/PiE/SQB7fKO4LRJNTEScIXVOi2x88K/c8WKc/k0KyEaA0asVBMpwekJQZGnRyj04ZtN5Gg==}

  '@connectrpc/connect-web@1.6.1':
    resolution: {integrity: sha512-GVfxQOmt3TtgTaKeXLS/EA2IHa3nHxwe2BCHT7X0Q/0hohM+nP5DDnIItGEjGrGdt3LTTqWqE4s70N4h+qIMlQ==}
    peerDependencies:
      '@bufbuild/protobuf': ^1.10.0
      '@connectrpc/connect': 1.6.1

  '@connectrpc/connect@1.6.1':
    resolution: {integrity: sha512-KchMDNtU4CDTdkyf0qG7ugJ6qHTOR/aI7XebYn3OTCNagaDYWiZUVKgRgwH79yeMkpNgvEUaXSK7wKjaBK9b/Q==}
    peerDependencies:
      '@bufbuild/protobuf': ^1.10.0

  '@connectrpc/protoc-gen-connect-es@1.6.1':
    resolution: {integrity: sha512-0fHcaADd+GKM0I/koIQpmKg7b+QL18bXlggTUYEAlMFzsd4zN/ApG3235hdUcRyhrAOAItTXxh8ZAV/nNd43Gg==}
    engines: {node: '>=16.0.0'}
    hasBin: true
    peerDependencies:
      '@bufbuild/protoc-gen-es': ^1.10.0
      '@connectrpc/connect': 1.6.1
    peerDependenciesMeta:
      '@bufbuild/protoc-gen-es':
        optional: true
      '@connectrpc/connect':
        optional: true

  '@esbuild/aix-ppc64@0.25.2':
    resolution: {integrity: sha512-wCIboOL2yXZym2cgm6mlA742s9QeJ8DjGVaL39dLN4rRwrOgOyYSnOaFPhKZGLb2ngj4EyfAFjsNJwPXZvseag==}
    engines: {node: '>=18'}
    cpu: [ppc64]
    os: [aix]

  '@esbuild/android-arm64@0.25.2':
    resolution: {integrity: sha512-5ZAX5xOmTligeBaeNEPnPaeEuah53Id2tX4c2CVP3JaROTH+j4fnfHCkr1PjXMd78hMst+TlkfKcW/DlTq0i4w==}
    engines: {node: '>=18'}
    cpu: [arm64]
    os: [android]

  '@esbuild/android-arm@0.25.2':
    resolution: {integrity: sha512-NQhH7jFstVY5x8CKbcfa166GoV0EFkaPkCKBQkdPJFvo5u+nGXLEH/ooniLb3QI8Fk58YAx7nsPLozUWfCBOJA==}
    engines: {node: '>=18'}
    cpu: [arm]
    os: [android]

  '@esbuild/android-x64@0.25.2':
    resolution: {integrity: sha512-Ffcx+nnma8Sge4jzddPHCZVRvIfQ0kMsUsCMcJRHkGJ1cDmhe4SsrYIjLUKn1xpHZybmOqCWwB0zQvsjdEHtkg==}
    engines: {node: '>=18'}
    cpu: [x64]
    os: [android]

  '@esbuild/darwin-arm64@0.25.2':
    resolution: {integrity: sha512-MpM6LUVTXAzOvN4KbjzU/q5smzryuoNjlriAIx+06RpecwCkL9JpenNzpKd2YMzLJFOdPqBpuub6eVRP5IgiSA==}
    engines: {node: '>=18'}
    cpu: [arm64]
    os: [darwin]

  '@esbuild/darwin-x64@0.25.2':
    resolution: {integrity: sha512-5eRPrTX7wFyuWe8FqEFPG2cU0+butQQVNcT4sVipqjLYQjjh8a8+vUTfgBKM88ObB85ahsnTwF7PSIt6PG+QkA==}
    engines: {node: '>=18'}
    cpu: [x64]
    os: [darwin]

  '@esbuild/freebsd-arm64@0.25.2':
    resolution: {integrity: sha512-mLwm4vXKiQ2UTSX4+ImyiPdiHjiZhIaE9QvC7sw0tZ6HoNMjYAqQpGyui5VRIi5sGd+uWq940gdCbY3VLvsO1w==}
    engines: {node: '>=18'}
    cpu: [arm64]
    os: [freebsd]

  '@esbuild/freebsd-x64@0.25.2':
    resolution: {integrity: sha512-6qyyn6TjayJSwGpm8J9QYYGQcRgc90nmfdUb0O7pp1s4lTY+9D0H9O02v5JqGApUyiHOtkz6+1hZNvNtEhbwRQ==}
    engines: {node: '>=18'}
    cpu: [x64]
    os: [freebsd]

  '@esbuild/linux-arm64@0.25.2':
    resolution: {integrity: sha512-gq/sjLsOyMT19I8obBISvhoYiZIAaGF8JpeXu1u8yPv8BE5HlWYobmlsfijFIZ9hIVGYkbdFhEqC0NvM4kNO0g==}
    engines: {node: '>=18'}
    cpu: [arm64]
    os: [linux]

  '@esbuild/linux-arm@0.25.2':
    resolution: {integrity: sha512-UHBRgJcmjJv5oeQF8EpTRZs/1knq6loLxTsjc3nxO9eXAPDLcWW55flrMVc97qFPbmZP31ta1AZVUKQzKTzb0g==}
    engines: {node: '>=18'}
    cpu: [arm]
    os: [linux]

  '@esbuild/linux-ia32@0.25.2':
    resolution: {integrity: sha512-bBYCv9obgW2cBP+2ZWfjYTU+f5cxRoGGQ5SeDbYdFCAZpYWrfjjfYwvUpP8MlKbP0nwZ5gyOU/0aUzZ5HWPuvQ==}
    engines: {node: '>=18'}
    cpu: [ia32]
    os: [linux]

  '@esbuild/linux-loong64@0.25.2':
    resolution: {integrity: sha512-SHNGiKtvnU2dBlM5D8CXRFdd+6etgZ9dXfaPCeJtz+37PIUlixvlIhI23L5khKXs3DIzAn9V8v+qb1TRKrgT5w==}
    engines: {node: '>=18'}
    cpu: [loong64]
    os: [linux]

  '@esbuild/linux-mips64el@0.25.2':
    resolution: {integrity: sha512-hDDRlzE6rPeoj+5fsADqdUZl1OzqDYow4TB4Y/3PlKBD0ph1e6uPHzIQcv2Z65u2K0kpeByIyAjCmjn1hJgG0Q==}
    engines: {node: '>=18'}
    cpu: [mips64el]
    os: [linux]

  '@esbuild/linux-ppc64@0.25.2':
    resolution: {integrity: sha512-tsHu2RRSWzipmUi9UBDEzc0nLc4HtpZEI5Ba+Omms5456x5WaNuiG3u7xh5AO6sipnJ9r4cRWQB2tUjPyIkc6g==}
    engines: {node: '>=18'}
    cpu: [ppc64]
    os: [linux]

  '@esbuild/linux-riscv64@0.25.2':
    resolution: {integrity: sha512-k4LtpgV7NJQOml/10uPU0s4SAXGnowi5qBSjaLWMojNCUICNu7TshqHLAEbkBdAszL5TabfvQ48kK84hyFzjnw==}
    engines: {node: '>=18'}
    cpu: [riscv64]
    os: [linux]

  '@esbuild/linux-s390x@0.25.2':
    resolution: {integrity: sha512-GRa4IshOdvKY7M/rDpRR3gkiTNp34M0eLTaC1a08gNrh4u488aPhuZOCpkF6+2wl3zAN7L7XIpOFBhnaE3/Q8Q==}
    engines: {node: '>=18'}
    cpu: [s390x]
    os: [linux]

  '@esbuild/linux-x64@0.25.2':
    resolution: {integrity: sha512-QInHERlqpTTZ4FRB0fROQWXcYRD64lAoiegezDunLpalZMjcUcld3YzZmVJ2H/Cp0wJRZ8Xtjtj0cEHhYc/uUg==}
    engines: {node: '>=18'}
    cpu: [x64]
    os: [linux]

  '@esbuild/netbsd-arm64@0.25.2':
    resolution: {integrity: sha512-talAIBoY5M8vHc6EeI2WW9d/CkiO9MQJ0IOWX8hrLhxGbro/vBXJvaQXefW2cP0z0nQVTdQ/eNyGFV1GSKrxfw==}
    engines: {node: '>=18'}
    cpu: [arm64]
    os: [netbsd]

  '@esbuild/netbsd-x64@0.25.2':
    resolution: {integrity: sha512-voZT9Z+tpOxrvfKFyfDYPc4DO4rk06qamv1a/fkuzHpiVBMOhpjK+vBmWM8J1eiB3OLSMFYNaOaBNLXGChf5tg==}
    engines: {node: '>=18'}
    cpu: [x64]
    os: [netbsd]

  '@esbuild/openbsd-arm64@0.25.2':
    resolution: {integrity: sha512-dcXYOC6NXOqcykeDlwId9kB6OkPUxOEqU+rkrYVqJbK2hagWOMrsTGsMr8+rW02M+d5Op5NNlgMmjzecaRf7Tg==}
    engines: {node: '>=18'}
    cpu: [arm64]
    os: [openbsd]

  '@esbuild/openbsd-x64@0.25.2':
    resolution: {integrity: sha512-t/TkWwahkH0Tsgoq1Ju7QfgGhArkGLkF1uYz8nQS/PPFlXbP5YgRpqQR3ARRiC2iXoLTWFxc6DJMSK10dVXluw==}
    engines: {node: '>=18'}
    cpu: [x64]
    os: [openbsd]

  '@esbuild/sunos-x64@0.25.2':
    resolution: {integrity: sha512-cfZH1co2+imVdWCjd+D1gf9NjkchVhhdpgb1q5y6Hcv9TP6Zi9ZG/beI3ig8TvwT9lH9dlxLq5MQBBgwuj4xvA==}
    engines: {node: '>=18'}
    cpu: [x64]
    os: [sunos]

  '@esbuild/win32-arm64@0.25.2':
    resolution: {integrity: sha512-7Loyjh+D/Nx/sOTzV8vfbB3GJuHdOQyrOryFdZvPHLf42Tk9ivBU5Aedi7iyX+x6rbn2Mh68T4qq1SDqJBQO5Q==}
    engines: {node: '>=18'}
    cpu: [arm64]
    os: [win32]

  '@esbuild/win32-ia32@0.25.2':
    resolution: {integrity: sha512-WRJgsz9un0nqZJ4MfhabxaD9Ft8KioqU3JMinOTvobbX6MOSUigSBlogP8QB3uxpJDsFS6yN+3FDBdqE5lg9kg==}
    engines: {node: '>=18'}
    cpu: [ia32]
    os: [win32]

  '@esbuild/win32-x64@0.25.2':
    resolution: {integrity: sha512-kM3HKb16VIXZyIeVrM1ygYmZBKybX8N4p754bw390wGO3Tf2j4L2/WYL+4suWujpgf6GBYs3jv7TyUivdd05JA==}
    engines: {node: '>=18'}
    cpu: [x64]
    os: [win32]

  '@typescript/vfs@1.6.1':
    resolution: {integrity: sha512-JwoxboBh7Oz1v38tPbkrZ62ZXNHAk9bJ7c9x0eI5zBfBnBYGhURdbnh7Z4smN/MV48Y5OCcZb58n972UtbazsA==}
    peerDependencies:
      typescript: '*'

  debug@4.4.0:
    resolution: {integrity: sha512-6WTZ/IxCY/T6BALoZHaE4ctp9xm+Z5kY/pzYaCHRFeyVhojxlrm+46y68HA6hr0TcwEssoxNiDEUJQjfPZ/RYA==}
    engines: {node: '>=6.0'}
    peerDependencies:
      supports-color: '*'
    peerDependenciesMeta:
      supports-color:
        optional: true

  esbuild@0.25.2:
    resolution: {integrity: sha512-16854zccKPnC+toMywC+uKNeYSv+/eXkevRAfwRD/G9Cleq66m8XFIrigkbvauLLlCfDL45Q2cWegSg53gGBnQ==}
    engines: {node: '>=18'}
    hasBin: true

  ms@2.1.3:
    resolution: {integrity: sha512-6FlzubTLZG3J2a/NVCAleEhjzq5oxgHyaCU9yYXvcLsvoVaHJq/s5xXI6/XXP6tz7R9xAOtHnSO/tXtF3WRTlA==}

  typescript@4.5.2:
    resolution: {integrity: sha512-5BlMof9H1yGt0P8/WF+wPNw6GfctgGjXp5hkblpyT+8rkASSmkUKMXrxR0Xg8ThVCi/JnHQiKXeBaEwCeQwMFw==}
    engines: {node: '>=4.2.0'}
    hasBin: true

  typescript@5.7.3:
    resolution: {integrity: sha512-84MVSjMEHP+FQRPy3pX9sTVV/INIex71s9TL2Gm5FG/WG1SqXeKyZ0k7/blY/4FdOzI12CBy1vGc4og/eus0fw==}
    engines: {node: '>=14.17'}
    hasBin: true

snapshots:

  '@bufbuild/buf-darwin-arm64@1.51.0':
    optional: true

  '@bufbuild/buf-darwin-x64@1.51.0':
    optional: true

  '@bufbuild/buf-linux-aarch64@1.51.0':
    optional: true

  '@bufbuild/buf-linux-armv7@1.51.0':
    optional: true

  '@bufbuild/buf-linux-x64@1.51.0':
    optional: true

  '@bufbuild/buf-win32-arm64@1.51.0':
    optional: true

  '@bufbuild/buf-win32-x64@1.51.0':
    optional: true

  '@bufbuild/buf@1.51.0':
    optionalDependencies:
      '@bufbuild/buf-darwin-arm64': 1.51.0
      '@bufbuild/buf-darwin-x64': 1.51.0
      '@bufbuild/buf-linux-aarch64': 1.51.0
      '@bufbuild/buf-linux-armv7': 1.51.0
      '@bufbuild/buf-linux-x64': 1.51.0
      '@bufbuild/buf-win32-arm64': 1.51.0
      '@bufbuild/buf-win32-x64': 1.51.0

  '@bufbuild/protobuf@1.10.0': {}

  '@bufbuild/protoc-gen-es@1.10.0(@bufbuild/protobuf@1.10.0)':
    dependencies:
      '@bufbuild/protoplugin': 1.10.0
    optionalDependencies:
      '@bufbuild/protobuf': 1.10.0
    transitivePeerDependencies:
      - supports-color

  '@bufbuild/protoplugin@1.10.0':
    dependencies:
      '@bufbuild/protobuf': 1.10.0
      '@typescript/vfs': 1.6.1(typescript@4.5.2)
      typescript: 4.5.2
    transitivePeerDependencies:
      - supports-color

  '@connectrpc/connect-web@1.6.1(@bufbuild/protobuf@1.10.0)(@connectrpc/connect@1.6.1(@bufbuild/protobuf@1.10.0))':
    dependencies:
      '@bufbuild/protobuf': 1.10.0
      '@connectrpc/connect': 1.6.1(@bufbuild/protobuf@1.10.0)

  '@connectrpc/connect@1.6.1(@bufbuild/protobuf@1.10.0)':
    dependencies:
      '@bufbuild/protobuf': 1.10.0

  '@connectrpc/protoc-gen-connect-es@1.6.1(@bufbuild/protoc-gen-es@1.10.0(@bufbuild/protobuf@1.10.0))(@connectrpc/connect@1.6.1(@bufbuild/protobuf@1.10.0))':
    dependencies:
      '@bufbuild/protobuf': 1.10.0
      '@bufbuild/protoplugin': 1.10.0
    optionalDependencies:
      '@bufbuild/protoc-gen-es': 1.10.0(@bufbuild/protobuf@1.10.0)
      '@connectrpc/connect': 1.6.1(@bufbuild/protobuf@1.10.0)
    transitivePeerDependencies:
      - supports-color

  '@esbuild/aix-ppc64@0.25.2':
    optional: true

  '@esbuild/android-arm64@0.25.2':
    optional: true

  '@esbuild/android-arm@0.25.2':
    optional: true

  '@esbuild/android-x64@0.25.2':
    optional: true

  '@esbuild/darwin-arm64@0.25.2':
    optional: true

  '@esbuild/darwin-x64@0.25.2':
    optional: true

  '@esbuild/freebsd-arm64@0.25.2':
    optional: true

  '@esbuild/freebsd-x64@0.25.2':
    optional: true

  '@esbuild/linux-arm64@0.25.2':
    optional: true

  '@esbuild/linux-arm@0.25.2':
    optional: true

  '@esbuild/linux-ia32@0.25.2':
    optional: true

  '@esbuild/linux-loong64@0.25.2':
    optional: true

  '@esbuild/linux-mips64el@0.25.2':
    optional: true

  '@esbuild/linux-ppc64@0.25.2':
    optional: true

  '@esbuild/linux-riscv64@0.25.2':
    optional: true

  '@esbuild/linux-s390x@0.25.2':
    optional: true

  '@esbuild/linux-x64@0.25.2':
    optional: true

  '@esbuild/netbsd-arm64@0.25.2':
    optional: true

  '@esbuild/netbsd-x64@0.25.2':
    optional: true

  '@esbuild/openbsd-arm64@0.25.2':
    optional: true

  '@esbuild/openbsd-x64@0.25.2':
    optional: true

  '@esbuild/sunos-x64@0.25.2':
    optional: true

  '@esbuild/win32-arm64@0.25.2':
    optional: true

  '@esbuild/win32-ia32@0.25.2':
    optional: true

  '@esbuild/win32-x64@0.25.2':
    optional: true

  '@typescript/vfs@1.6.1(typescript@4.5.2)':
    dependencies:
      debug: 4.4.0
      typescript: 4.5.2
    transitivePeerDependencies:
      - supports-color

  debug@4.4.0:
    dependencies:
      ms: 2.1.3

  esbuild@0.25.2:
    optionalDependencies:
      '@esbuild/aix-ppc64': 0.25.2
      '@esbuild/android-arm': 0.25.2
      '@esbuild/android-arm64': 0.25.2
      '@esbuild/android-x64': 0.25.2
      '@esbuild/darwin-arm64': 0.25.2
      '@esbuild/darwin-x64': 0.25.2
      '@esbuild/freebsd-arm64': 0.25.2
      '@esbuild/freebsd-x64': 0.25.2
      '@esbuild/linux-arm': 0.25.2
      '@esbuild/linux-arm64': 0.25.2
      '@esbuild/linux-ia32': 0.25.2
      '@esbuild/linux-loong64': 0.25.2
      '@esbuild/linux-mips64el': 0.25.2
      '@esbuild/linux-ppc64': 0.25.2
      '@esbuild/linux-riscv64': 0.25.2
      '@esbuild/linux-s390x': 0.25.2
      '@esbuild/linux-x64': 0.25.2
      '@esbuild/netbsd-arm64': 0.25.2
      '@esbuild/netbsd-x64': 0.25.2
      '@esbuild/openbsd-arm64': 0.25.2
      '@esbuild/openbsd-x64': 0.25.2
      '@esbuild/sunos-x64': 0.25.2
      '@esbuild/win32-arm64': 0.25.2
      '@esbuild/win32-ia32': 0.25.2
      '@esbuild/win32-x64': 0.25.2

  ms@2.1.3: {}

  typescript@4.5.2: {}

  typescript@5.7.3:
    optional: true
